
Microsoft Visual Studio Solution File, Format Version 12.00
# Visual Studio 15
VisualStudioVersion = 15.0.28010.2036
MinimumVisualStudioVersion = 10.0.40219.1
Project("{FAE04EC0-301F-11D3-BF4B-00C04F79EFBC}") = "Huffman", "Huffman\Huffman.csproj", "{84D97325-FA00-4CC2-B188-C9C9B4E9AF73}"
EndProject
Global
	GlobalSection(SolutionConfigurationPlatforms) = preSolution
		Debug|Any CPU = Debug|Any CPU
		Release|Any CPU = Release|Any CPU
	EndGlobalSection
	GlobalSection(ProjectConfigurationPlatforms) = postSolution
		{84D97325-FA00-4CC2-B188-C9C9B4E9AF73}.Debug|Any CPU.ActiveCfg = Debug|Any CPU
		{84D97325-FA00-4CC2-B188-C9C9B4E9AF73}.Debug|Any CPU.Build.0 = Debug|Any CPU
		{84D97325-FA00-4CC2-B188-C9C9B4E9AF73}.Release|Any CPU.ActiveCfg = Release|Any CPU
		{84D97325-FA00-4CC2-B188-C9C9B4E9AF73}.Release|Any CPU.Build.0 = Release|Any CPU
	EndGlobalSection
	GlobalSection(SolutionProperties) = preSolution
		HideSolutionNode = FALSE
	EndGlobalSection
	GlobalSection(ExtensibilityGlobals) = postSolution
		SolutionGuid = {7DF699A2-218E-49AB-B0B8-B4F08830DED0}
	EndGlobalSection
EndGlobal
